
Microsoft Visual Studio Solution File, Format Version 12.00
# Visual Studio Version 17
VisualStudioVersion = 17.8.34525.116
MinimumVisualStudioVersion = 10.0.40219.1
Project("{FAE04EC0-301F-11D3-BF4B-00C04F79EFBC}") = "T-Rex", "T-Rex.csproj", "{EFD86AA7-9AD7-47DA-9FF3-C167BFB1C77E}"
EndProject
Global
	GlobalSection(SolutionConfigurationPlatforms) = preSolution
		Debug|Any CPU = Debug|Any CPU
		Release|Any CPU = Release|Any CPU
	EndGlobalSection
	GlobalSection(ProjectConfigurationPlatforms) = postSolution
		{EFD86AA7-9AD7-47DA-9FF3-C167BFB1C77E}.Debug|Any CPU.ActiveCfg = Debug|Any CPU
		{EFD86AA7-9AD7-47DA-9FF3-C167BFB1C77E}.Debug|Any CPU.Build.0 = Debug|Any CPU
		{EFD86AA7-9AD7-47DA-9FF3-C167BFB1C77E}.Release|Any CPU.ActiveCfg = Release|Any CPU
		{EFD86AA7-9AD7-47DA-9FF3-C167BFB1C77E}.Release|Any CPU.Build.0 = Release|Any CPU
	EndGlobalSection
	GlobalSection(SolutionProperties) = preSolution
		HideSolutionNode = FALSE
	EndGlobalSection
	GlobalSection(ExtensibilityGlobals) = postSolution
		SolutionGuid = {9F91589E-4EBB-4FC8-81E0-1D2BEDFB659C}
	EndGlobalSection
EndGlobal
